<?xml version="1.0" encoding="utf-8"?>
<Project ToolsVersion="4.0" xmlns="http://schemas.microsoft.com/developer/msbuild/2003">
  <ItemGroup>
    <Filter Include="Source Files">
      <UniqueIdentifier>{4FC737F1-C7A5-4376-A066-2A32D752A2FF}</UniqueIdentifier>
      <Extensions>cpp;c;cc;cxx;def;odl;idl;hpj;bat;asm;asmx</Extensions>
    </Filter>
    <Filter Include="Header Files">
      <UniqueIdentifier>{93995380-89BD-4b04-88EB-625FBE52EBFB}</UniqueIdentifier>
      <Extensions>h;hpp;hxx;hm;inl;inc;xsd</Extensions>
    </Filter>
    <Filter Include="Resource Files">
      <UniqueIdentifier>{67DA6AB6-F800-4c08-8B7A-83BB121AAD01}</UniqueIdentifier>
      <Extensions>rc;ico;cur;bmp;dlg;rc2;rct;bin;rgs;gif;jpg;jpeg;jpe;resx;tiff;tif;png;wav;mfcribbon-ms</Extensions>
    </Filter>
    <Filter Include="Header Files\core">
      <UniqueIdentifier>{efa21d51-cd92-4ba6-8381-4103a951167e}</UniqueIdentifier>
    </Filter>
    <Filter Include="Source Files\core">
      <UniqueIdentifier>{2131b7e8-b133-4356-aac5-75beb7ce0b79}</UniqueIdentifier>
    </Filter>
  </ItemGroup>
  <ItemGroup>
    <None Include="ReadMe.txt" />
    <None Include="res\Sudoku.rc2">
      <Filter>Resource Files</Filter>
    </None>
    <None Include="res\Sudoku.ico">
      <Filter>Resource Files</Filter>
    </None>
  </ItemGroup>
  <ItemGroup>
    <ClInclude Include="Sudoku.h">
      <Filter>Header Files</Filter>
    </ClInclude>
    <ClInclude Include="SudokuDlg.h">
      <Filter>Header Files</Filter>
    </ClInclude>
    <ClInclude Include="stdafx.h">
      <Filter>Header Files</Filter>
    </ClInclude>
    <ClInclude Include="targetver.h">
      <Filter>Header Files</Filter>
    </ClInclude>
    <ClInclude Include="Resource.h">
      <Filter>Header Files</Filter>
    </ClInclude>
    <ClInclude Include="core\DigitExtractor.h">
      <Filter>Header Files\core</Filter>
    </ClInclude>
    <ClInclude Include="core\NormalizedCentralMomentsRecognizer.h">
      <Filter>Header Files\core</Filter>
    </ClInclude>
    <ClInclude Include="core\DigitRecognizerInterface.h">
      <Filter>Header Files\core</Filter>
    </ClInclude>
    <ClInclude Include="core\ImageAcquirer.h">
      <Filter>Header Files\core</Filter>
    </ClInclude>
    <ClInclude Include="core\ImageProcessing.h">
      <Filter>Header Files\core</Filter>
    </ClInclude>
    <ClInclude Include="core\ImageUtilities.h">
      <Filter>Header Files\core</Filter>
    </ClInclude>
    <ClInclude Include="core\MathUtilities.h">
      <Filter>Header Files\core</Filter>
    </ClInclude>
    <ClInclude Include="core\MyMoments.h">
      <Filter>Header Files\core</Filter>
    </ClInclude>
    <ClInclude Include="core\SolutionSender.h">
      <Filter>Header Files\core</Filter>
    </ClInclude>
    <ClInclude Include="core\SolutionViewer.h">
      <Filter>Header Files\core</Filter>
    </ClInclude>
    <ClInclude Include="core\SudokuSolver.h">
      <Filter>Header Files\core</Filter>
    </ClInclude>
    <ClInclude Include="ImageViewer.h">
      <Filter>Header Files</Filter>
    </ClInclude>
    <ClInclude Include="core\SudokuExtractor.h">
      <Filter>Header Files\core</Filter>
    </ClInclude>
    <ClInclude Include="SudokuExtracotrDlg.h">
      <Filter>Header Files</Filter>
    </ClInclude>
    <ClInclude Include="DigitExtractorDlg.h">
      <Filter>Header Files</Filter>
    </ClInclude>
  </ItemGroup>
  <ItemGroup>
    <ClCompile Include="SudokuDlg.cpp">
      <Filter>Source Files</Filter>
    </ClCompile>
    <ClCompile Include="stdafx.cpp">
      <Filter>Source Files</Filter>
    </ClCompile>
    <ClCompile Include="core\DigitExtractor.cpp">
      <Filter>Source Files\core</Filter>
    </ClCompile>
    <ClCompile Include="core\SolutionViewer.cpp">
      <Filter>Source Files\core</Filter>
    </ClCompile>
    <ClCompile Include="core\DigitRecognizerInterface.cpp">
      <Filter>Source Files\core</Filter>
    </ClCompile>
    <ClCompile Include="core\ImageAcquirer.cpp">
      <Filter>Source Files\core</Filter>
    </ClCompile>
    <ClCompile Include="core\ImageProcessing.cpp">
      <Filter>Source Files\core</Filter>
    </ClCompile>
    <ClCompile Include="core\ImageUtilities.cpp">
      <Filter>Source Files\core</Filter>
    </ClCompile>
    <ClCompile Include="core\MathUtilities.cpp">
      <Filter>Source Files\core</Filter>
    </ClCompile>
    <ClCompile Include="core\MyMoments.cpp">
      <Filter>Source Files\core</Filter>
    </ClCompile>
    <ClCompile Include="core\NormalizedCentralMomentsRecognizer.cpp">
      <Filter>Source Files\core</Filter>
    </ClCompile>
    <ClCompile Include="core\SolutionSender.cpp">
      <Filter>Source Files\core</Filter>
    </ClCompile>
    <ClCompile Include="core\SudokuExtractor.cpp">
      <Filter>Source Files\core</Filter>
    </ClCompile>
    <ClCompile Include="core\SudokuSolver.cpp">
      <Filter>Source Files\core</Filter>
    </ClCompile>
    <ClCompile Include="Sudoku.cpp">
      <Filter>Source Files</Filter>
    </ClCompile>
    <ClCompile Include="ImageViewer.cpp">
      <Filter>Source Files</Filter>
    </ClCompile>
    <ClCompile Include="SudokuExtracotrDlg.cpp">
      <Filter>Source Files</Filter>
    </ClCompile>
    <ClCompile Include="DigitExtractorDlg.cpp">
      <Filter>Source Files</Filter>
    </ClCompile>
  </ItemGroup>
  <ItemGroup>
    <ResourceCompile Include="Sudoku.rc">
      <Filter>Resource Files</Filter>
    </ResourceCompile>
  </ItemGroup>
</Project>